// !$*UTF8*$!
{
	archiveVersion = 1;
	classes = {
	};
	objectVersion = 50;
	objects = {

/* Begin PBXBuildFile section */
		7FD734E5220BCADB00CE71BD /* AppDelegate.m in Sources */ = {isa = PBXBuildFile; fileRef = 7FD734E4220BCADB00CE71BD /* AppDelegate.m */; };
		7FD734E8220BCADB00CE71BD /* ViewController.m in Sources */ = {isa = PBXBuildFile; fileRef = 7FD734E7220BCADB00CE71BD /* ViewController.m */; };
		7FD734EB220BCADB00CE71BD /* Main.storyboard in Resources */ = {isa = PBXBuildFile; fileRef = 7FD734E9220BCADB00CE71BD /* Main.storyboard */; };
		7FD734ED220BCADD00CE71BD /* Assets.xcassets in Resources */ = {isa = PBXBuildFile; fileRef = 7FD734EC220BCADD00CE71BD /* Assets.xcassets */; };
		7FD734F0220BCADD00CE71BD /* LaunchScreen.storyboard in Resources */ = {isa = PBXBuildFile; fileRef = 7FD734EE220BCADD00CE71BD /* LaunchScreen.storyboard */; };
		7FD734F3220BCADD00CE71BD /* main.m in Sources */ = {isa = PBXBuildFile; fileRef = 7FD734F2220BCADD00CE71BD /* main.m */; };
		7FD734FC2212846800CE71BD /* GameViewController.m in Sources */ = {isa = PBXBuildFile; fileRef = 7FD734FA2212846800CE71BD /* GameViewController.m */; };
		7FD734FD2212846800CE71BD /* GameViewController.xib in Resources */ = {isa = PBXBuildFile; fileRef = 7FD734FB2212846800CE71BD /* GameViewController.xib */; };
/* End PBXBuildFile section */

/* Begin PBXFileReference section */
		7FD734E0220BCADB00CE71BD /* cs441-2048.app */ = {isa = PBXFileReference; explicitFileType = wrapper.application; includeInIndex = 0; path = "cs441-2048.app"; sourceTree = BUILT_PRODUCTS_DIR; };
		7FD734E3220BCADB00CE71BD /* AppDelegate.h */ = {isa = PBXFileReference; lastKnownFileType = sourcecode.c.h; path = AppDelegate.h; sourceTree = "<group>"; };
		7FD734E4220BCADB00CE71BD /* AppDelegate.m */ = {isa = PBXFileReference; lastKnownFileType = sourcecode.c.objc; path = AppDelegate.m; sourceTree = "<group>"; };
		7FD734E6220BCADB00CE71BD /* ViewController.h */ = {isa = PBXFileReference; lastKnownFileType = sourcecode.c.h; path = ViewController.h; sourceTree = "<group>"; };
		7FD734E7220BCADB00CE71BD /* ViewController.m */ = {isa = PBXFileReference; lastKnownFileType = sourcecode.c.objc; path = ViewController.m; sourceTree = "<group>"; };
		7FD734EA220BCADB00CE71BD /* Base */ = {isa = PBXFileReference; lastKnownFileType = file.storyboard; name = Base; path = Base.lproj/Main.storyboard; sourceTree = "<group>"; };
		7FD734EC220BCADD00CE71BD /* Assets.xcassets */ = {isa = PBXFileReference; lastKnownFileType = folder.assetcatalog; path = Assets.xcassets; sourceTree = "<group>"; };
		7FD734EF220BCADD00CE71BD /* Base */ = {isa = PBXFileReference; lastKnownFileType = file.storyboard; name = Base; path = Base.lproj/LaunchScreen.storyboard; sourceTree = "<group>"; };
		7FD734F1220BCADD00CE71BD /* Info.plist */ = {isa = PBXFileReference; lastKnownFileType = text.plist.xml; path = Info.plist; sourceTree = "<group>"; };
		7FD734F2220BCADD00CE71BD /* main.m */ = {isa = PBXFileReference; lastKnownFileType = sourcecode.c.objc; path = main.m; sourceTree = "<group>"; };
		7FD734F92212846800CE71BD /* GameViewController.h */ = {isa = PBXFileReference; lastKnownFileType = sourcecode.c.h; path = GameViewController.h; sourceTree = "<group>"; };
		7FD734FA2212846800CE71BD /* GameViewController.m */ = {isa = PBXFileReference; lastKnownFileType = sourcecode.c.objc; path = GameViewController.m; sourceTree = "<group>"; };
		7FD734FB2212846800CE71BD /* GameViewController.xib */ = {isa = PBXFileReference; lastKnownFileType = file.xib; path = GameViewController.xib; sourceTree = "<group>"; };
/* End PBXFileReference section */

/* Begin PBXFrameworksBuildPhase section */
		7FD734DD220BCADB00CE71BD /* Frameworks */ = {
			isa = PBXFrameworksBuildPhase;
			buildActionMask = 2147483647;
			files = (
			);
			runOnlyForDeploymentPostprocessing = 0;
		};
/* End PBXFrameworksBuildPhase section */

/* Begin PBXGroup section */
		7FD734D7220BCADB00CE71BD = {
			isa = PBXGroup;
			children = (
				7FD734E2220BCADB00CE71BD /* cs441-2048 */,
				7FD734E1220BCADB00CE71BD /* Products */,
			);
			sourceTree = "<group>";
		};
		7FD734E1220BCADB00CE71BD /* Products */ = {
			isa = PBXGroup;
			children = (
				7FD734E0220BCADB00CE71BD /* cs441-2048.app */,
			);
			name = Products;
			sourceTree = "<group>";
		};
		7FD734E2220BCADB00CE71BD /* cs441-2048 */ = {
			isa = PBXGroup;
			children = (
				7FD734F92212846800CE71BD /* GameViewController.h */,
				7FD734FA2212846800CE71BD /* GameViewController.m */,
				7FD734FB2212846800CE71BD /* GameViewController.xib */,
				7FD734E3220BCADB00CE71BD /* AppDelegate.h */,
				7FD734E4220BCADB00CE71BD /* AppDelegate.m */,
				7FD734E6220BCADB00CE71BD /* ViewController.h */,
				7FD734E7220BCADB00CE71BD /* ViewController.m */,
				7FD734E9220BCADB00CE71BD /* Main.storyboard */,
				7FD734EC220BCADD00CE71BD /* Assets.xcassets */,
				7FD734EE220BCADD00CE71BD /* LaunchScreen.storyboard */,
				7FD734F1220BCADD00CE71BD /* Info.plist */,
				7FD734F2220BCADD00CE71BD /* main.m */,
			);
			path = "cs441-2048";
			sourceTree = "<group>";
		};
/* End PBXGroup section */

/* Begin PBXNativeTarget section */
		7FD734DF220BCADB00CE71BD /* cs441-2048 */ = {
			isa = PBXNativeTarget;
			buildConfigurationList = 7FD734F6220BCADD00CE71BD /* Build configuration list for PBXNativeTarget "cs441-2048" */;
			buildPhases = (
				7FD734DC220BCADB00CE71BD /* Sources */,
				7FD734DD220BCADB00CE71BD /* Frameworks */,
				7FD734DE220BCADB00CE71BD /* Resources */,
			);
			buildRules = (
			);
			dependencies = (
			);
			name = "cs441-2048";
			productName = "cs441-2048";
			productReference = 7FD734E0220BCADB00CE71BD /* cs441-2048.app */;
			productType = "com.apple.product-type.application";
		};
/* End PBXNativeTarget section */

/* Begin PBXProject section */
		7FD734D8220BCADB00CE71BD /* Project object */ = {
			isa = PBXProject;
			attributes = {
				LastUpgradeCheck = 1010;
				ORGANIZATIONNAME = "Robert Burton";
				TargetAttributes = {
					7FD734DF220BCADB00CE71BD = {
						CreatedOnToolsVersion = 10.1;
					};
				};
			};
			buildConfigurationList = 7FD734DB220BCADB00CE71BD /* Build configuration list for PBXProject "cs441-2048" */;
			compatibilityVersion = "Xcode 9.3";
			developmentRegion = en;
			hasScannedForEncodings = 0;
			knownRegions = (
				en,
				Base,
			);
			mainGroup = 7FD734D7220BCADB00CE71BD;
			productRefGroup = 7FD734E1220BCADB00CE71BD /* Products */;
			projectDirPath = "";
			projectRoot = "";
			targets = (
				7FD734DF220BCADB00CE71BD /* cs441-2048 */,
			);
		};
/* End PBXProject section */

/* Begin PBXResourcesBuildPhase section */
		7FD734DE220BCADB00CE71BD /* Resources */ = {
			isa = PBXResourcesBuildPhase;
			buildActionMask = 2147483647;
			files = (
				7FD734FD2212846800CE71BD /* GameViewController.xib in Resources */,
				7FD734F0220BCADD00CE71BD /* LaunchScreen.storyboard in Resources */,
				7FD734ED220BCADD00CE71BD /* Assets.xcassets in Resources */,
				7FD734EB220BCADB00CE71BD /* Main.storyboard in Resources */,
			);
			runOnlyForDeploymentPostprocessing = 0;
		};
/* End PBXResourcesBuildPhase section */

/* Begin PBXSourcesBuildPhase section */
		7FD734DC220BCADB00CE71BD /* Sources */ = {
			isa = PBXSourcesBuildPhase;
			buildActionMask = 2147483647;
			files = (
				7FD734FC2212846800CE71BD /* GameViewController.m in Sources */,
				7FD734E8220BCADB00CE71BD /* ViewController.m in Sources */,
				7FD734F3220BCADD00CE71BD /* main.m in Sources */,
				7FD734E5220BCADB00CE71BD /* AppDelegate.m in Sources */,
			);
			runOnlyForDeploymentPostprocessing = 0;
		};
/* End PBXSourcesBuildPhase section */

/* Begin PBXVariantGroup section */
		7FD734E9220BCADB00CE71BD /* Main.storyboard */ = {
			isa = PBXVariantGroup;
			children = (
				7FD734EA220BCADB00CE71BD /* Base */,
			);
			name = Main.storyboard;
			sourceTree = "<group>";
		};
		7FD734EE220BCADD00CE71BD /* LaunchScreen.storyboard */ = {
			isa = PBXVariantGroup;
			children = (
				7FD734EF220BCADD00CE71BD /* Base */,
			);
			name = LaunchScreen.storyboard;
			sourceTree = "<group>";
		};
/* End PBXVariantGroup section */

/* Begin XCBuildConfiguration section */
		7FD734F4220BCADD00CE71BD /* Debug */ = {
			isa = XCBuildConfiguration;
			buildSettings = {
				ALWAYS_SEARCH_USER_PATHS = NO;
				CLANG_ANALYZER_NONNULL = YES;
				CLANG_ANALYZER_NUMBER_OBJECT_CONVERSION = YES_AGGRESSIVE;
				CLANG_CXX_LANGUAGE_STANDARD = "gnu++14";
				CLANG_CXX_LIBRARY = "libc++";
				CLANG_ENABLE_MODULES = YES;
				CLANG_ENABLE_OBJC_ARC = YES;
				CLANG_ENABLE_OBJC_WEAK = YES;
				CLANG_WARN_BLOCK_CAPTURE_AUTORELEASING = YES;
				CLANG_WARN_BOOL_CONVERSION = YES;
				CLANG_WARN_COMMA = YES;
				CLANG_WARN_CONSTANT_CONVERSION = YES;
				CLANG_WARN_DEPRECATED_OBJC_IMPLEMENTATIONS = YES;
				CLANG_WARN_DIRECT_OBJC_ISA_USAGE = YES_ERROR;
				CLANG_WARN_DOCUMENTATION_COMMENTS = YES;
				CLANG_WARN_EMPTY_BODY = YES;
				CLANG_WARN_ENUM_CONVERSION = YES;
				CLANG_WARN_INFINITE_RECURSION = YES;
				CLANG_WARN_INT_CONVERSION = YES;
				CLANG_WARN_NON_LITERAL_NULL_CONVERSION = YES;
				CLANG_WARN_OBJC_IMPLICIT_RETAIN_SELF = YES;
				CLANG_WARN_OBJC_LITERAL_CONVERSION = YES;
				CLANG_WARN_OBJC_ROOT_CLASS = YES_ERROR;
				CLANG_WARN_RANGE_LOOP_ANALYSIS = YES;
				CLANG_WARN_STRICT_PROTOTYPES = YES;
				CLANG_WARN_SUSPICIOUS_MOVE = YES;
				CLANG_WARN_UNGUARDED_AVAILABILITY = YES_AGGRESSIVE;
				CLANG_WARN_UNREACHABLE_CODE = YES;
				CLANG_WARN__DUPLICATE_METHOD_MATCH = YES;
				CODE_SIGN_IDENTITY = "iPhone Developer";
				COPY_PHASE_STRIP = NO;
				DEBUG_INFORMATION_FORMAT = dwarf;
				ENABLE_STRICT_OBJC_MSGSEND = YES;
				ENABLE_TESTABILITY = YES;
				GCC_C_LANGUAGE_STANDARD = gnu11;
				GCC_DYNAMIC_NO_PIC = NO;
				GCC_NO_COMMON_BLOCKS = YES;
				GCC_OPTIMIZATION_LEVEL = 0;
				GCC_PREPROCESSOR_DEFINITIONS = (
					"DEBUG=1",
					"$(inherited)",
				);
				GCC_WARN_64_TO_32_BIT_CONVERSION = YES;
				GCC_WARN_ABOUT_RETURN_TYPE = YES_ERROR;
				GCC_WARN_UNDECLARED_SELECTOR = YES;
				GCC_WARN_UNINITIALIZED_AUTOS = YES_AGGRESSIVE;
				GCC_WARN_UNUSED_FUNCTION = YES;
				GCC_WARN_UNUSED_VARIABLE = YES;
				IPHONEOS_DEPLOYMENT_TARGET = 12.1;
				MTL_ENABLE_DEBUG_INFO = INCLUDE_SOURCE;
				MTL_FAST_MATH = YES;
				ONLY_ACTIVE_ARCH = YES;
				SDKROOT = iphoneos;
			};
			name = Debug;
		};
		7FD734F5220BCADD00CE71BD /* Release */ = {
			isa = XCBuildConfiguration;
			buildSettings = {
				ALWAYS_SEARCH_USER_PATHS = NO;
				CLANG_ANALYZER_NONNULL = YES;
				CLANG_ANALYZER_NUMBER_OBJECT_CONVERSION = YES_AGGRESSIVE;
				CLANG_CXX_LANGUAGE_STANDARD = "gnu++14";
				CLANG_CXX_LIBRARY = "libc++";
				CLANG_ENABLE_MODULES = YES;
				CLANG_ENABLE_OBJC_ARC = YES;
				CLANG_ENABLE_OBJC_WEAK = YES;
				CLANG_WARN_BLOCK_CAPTURE_AUTORELEASING = YES;
				CLANG_WARN_BOOL_CONVERSION = YES;
				CLANG_WARN_COMMA = YES;
				CLANG_WARN_CONSTANT_CONVERSION = YES;
				CLANG_WARN_DEPRECATED_OBJC_IMPLEMENTATIONS = YES;
				CLANG_WARN_DIRECT_OBJC_ISA_USAGE = YES_ERROR;
				CLANG_WARN_DOCUMENTATION_COMMENTS = YES;
				CLANG_WARN_EMPTY_BODY = YES;
				CLANG_WARN_ENUM_CONVERSION = YES;
				CLANG_WARN_INFINITE_RECURSION = YES;
				CLANG_WARN_INT_CONVERSION = YES;
				CLANG_WARN_NON_LITERAL_NULL_CONVERSION = YES;
				CLANG_WARN_OBJC_IMPLICIT_RETAIN_SELF = YES;
				CLANG_WARN_OBJC_LITERAL_CONVERSION = YES;
				CLANG_WARN_OBJC_ROOT_CLASS = YES_ERROR;
				CLANG_WARN_RANGE_LOOP_ANALYSIS = YES;
				CLANG_WARN_STRICT_PROTOTYPES = YES;
				CLANG_WARN_SUSPICIOUS_MOVE = YES;
				CLANG_WARN_UNGUARDED_AVAILABILITY = YES_AGGRESSIVE;
				CLANG_WARN_UNREACHABLE_CODE = YES;
				CLANG_WARN__DUPLICATE_METHOD_MATCH = YES;
				CODE_SIGN_IDENTITY = "iPhone Developer";
				COPY_PHASE_STRIP = NO;
				DEBUG_INFORMATION_FORMAT = "dwarf-with-dsym";
				ENABLE_NS_ASSERTIONS = NO;
				ENABLE_STRICT_OBJC_MSGSEND = YES;
				GCC_C_LANGUAGE_STANDARD = gnu11;
				GCC_NO_COMMON_BLOCKS = YES;
				GCC_WARN_64_TO_32_BIT_CONVERSION = YES;
				GCC_WARN_ABOUT_RETURN_TYPE = YES_ERROR;
				GCC_WARN_UNDECLARED_SELECTOR = YES;
				GCC_WARN_UNINITIALIZED_AUTOS = YES_AGGRESSIVE;
				GCC_WARN_UNUSED_FUNCTION = YES;
				GCC_WARN_UNUSED_VARIABLE = YES;
				IPHONEOS_DEPLOYMENT_TARGET = 12.1;
				MTL_ENABLE_DEBUG_INFO = NO;
				MTL_FAST_MATH = YES;
				SDKROOT = iphoneos;
				VALIDATE_PRODUCT = YES;
			};
			name = Release;
		};
		7FD734F7220BCADD00CE71BD /* Debug */ = {
			isa = XCBuildConfiguration;
			buildSettings = {
				ASSETCATALOG_COMPILER_APPICON_NAME = AppIcon;
				CODE_SIGN_STYLE = Manual;
				DEVELOPMENT_TEAM = "";
				INFOPLIST_FILE = "cs441-2048/Info.plist";
				LD_RUNPATH_SEARCH_PATHS = (
					"$(inherited)",
					"@executable_path/Frameworks",
				);
				PRODUCT_BUNDLE_IDENTIFIER = "burton.robert.cs441-2048";
				PRODUCT_NAME = "$(TARGET_NAME)";
				PROVISIONING_PROFILE_SPECIFIER = "";
				TARGETED_DEVICE_FAMILY = "1,2";
			};
			name = Debug;
		};
		7FD734F8220BCADD00CE71BD /* Release */ = {
			isa = XCBuildConfiguration;
			buildSettings = {
				ASSETCATALOG_COMPILER_APPICON_NAME = AppIcon;
				CODE_SIGN_STYLE = Manual;
				DEVELOPMENT_TEAM = "";
				INFOPLIST_FILE = "cs441-2048/Info.plist";
				LD_RUNPATH_SEARCH_PATHS = (
					"$(inherited)",
					"@executable_path/Frameworks",
				);
				PRODUCT_BUNDLE_IDENTIFIER = "burton.robert.cs441-2048";
				PRODUCT_NAME = "$(TARGET_NAME)";
				PROVISIONING_PROFILE_SPECIFIER = "";
				TARGETED_DEVICE_FAMILY = "1,2";
			};
			name = Release;
		};
/* End XCBuildConfiguration section */

/* Begin XCConfigurationList section */
		7FD734DB220BCADB00CE71BD /* Build configuration list for PBXProject "cs441-2048" */ = {
			isa = XCConfigurationList;
			buildConfigurations = (
				7FD734F4220BCADD00CE71BD /* Debug */,
				7FD734F5220BCADD00CE71BD /* Release */,
			);
			defaultConfigurationIsVisible = 0;
			defaultConfigurationName = Release;
		};
		7FD734F6220BCADD00CE71BD /* Build configuration list for PBXNativeTarget "cs441-2048" */ = {
			isa = XCConfigurationList;
			buildConfigurations = (
				7FD734F7220BCADD00CE71BD /* Debug */,
				7FD734F8220BCADD00CE71BD /* Release */,
			);
			defaultConfigurationIsVisible = 0;
			defaultConfigurationName = Release;
		};
/* End XCConfigurationList section */
	};
	rootObject = 7FD734D8220BCADB00CE71BD /* Project object */;
}
